
Microsoft Visual Studio Solution File, Format Version 12.00
# Visual Studio 14
VisualStudioVersion = 14.0.24720.0
MinimumVisualStudioVersion = 10.0.40219.1
Project("{FAE04EC0-301F-11D3-BF4B-00C04F79EFBC}") = "Orbs", "Orbs.csproj", "{A3AB7A3D-A280-4B02-971E-7A6731E9756B}"
EndProject
Global
	GlobalSection(SolutionConfigurationPlatforms) = preSolution
		Debug(x86)|Any CPU = Debug(x86)|Any CPU
		Debug(x86)|x86 = Debug(x86)|x86
		Debug|Any CPU = Debug|Any CPU
		Debug|x86 = Debug|x86
		Release|Any CPU = Release|Any CPU
		Release|x86 = Release|x86
	EndGlobalSection
	GlobalSection(ProjectConfigurationPlatforms) = postSolution
		{A3AB7A3D-A280-4B02-971E-7A6731E9756B}.Debug(x86)|Any CPU.ActiveCfg = Debug(x86)|Any CPU
		{A3AB7A3D-A280-4B02-971E-7A6731E9756B}.Debug(x86)|Any CPU.Build.0 = Debug(x86)|Any CPU
		{A3AB7A3D-A280-4B02-971E-7A6731E9756B}.Debug(x86)|x86.ActiveCfg = Debug(x86)|x86
		{A3AB7A3D-A280-4B02-971E-7A6731E9756B}.Debug(x86)|x86.Build.0 = Debug(x86)|x86
		{A3AB7A3D-A280-4B02-971E-7A6731E9756B}.Debug|Any CPU.ActiveCfg = Debug|Any CPU
		{A3AB7A3D-A280-4B02-971E-7A6731E9756B}.Debug|Any CPU.Build.0 = Debug|Any CPU
		{A3AB7A3D-A280-4B02-971E-7A6731E9756B}.Debug|x86.ActiveCfg = Debug|x86
		{A3AB7A3D-A280-4B02-971E-7A6731E9756B}.Debug|x86.Build.0 = Debug|x86
		{A3AB7A3D-A280-4B02-971E-7A6731E9756B}.Release|Any CPU.ActiveCfg = Release|Any CPU
		{A3AB7A3D-A280-4B02-971E-7A6731E9756B}.Release|Any CPU.Build.0 = Release|Any CPU
		{A3AB7A3D-A280-4B02-971E-7A6731E9756B}.Release|x86.ActiveCfg = Release|x86
		{A3AB7A3D-A280-4B02-971E-7A6731E9756B}.Release|x86.Build.0 = Release|x86
	EndGlobalSection
	GlobalSection(SolutionProperties) = preSolution
		HideSolutionNode = FALSE
	EndGlobalSection
EndGlobal
